hash: c04c23508c8b2ab296815bd84b6c49b6863b0c2b787516524bb8f14dd19b2f1b
updated: 2017-11-29T16:16:55.827289429Z
imports:
- name: github.com/corpix/formats
  version: 9a60a2b6efca3a5264cfbece220df11e8a2813f6
- name: github.com/corpix/loggers
  version: 69c4a7d3244f0509086d4080e8898376aeb95e09
  subpackages:
  - logger/logrus
- name: github.com/davecgh/go-spew
  version: ecdeabc65495df2dec95d7c4a4c3e021903035e5
  subpackages:
  - spew
- name: github.com/go-playground/locales
  version: e4cbcb5d0652150d40ad0646651076b6bd2be4f6
  subpackages:
  - currency
- name: github.com/go-playground/universal-translator
  version: 71201497bace774495daed26a3874fd339e0b538
- name: github.com/go-playground/validator
  version: 61caf9d3038e1af346dbf5c2e16f6678e1548364
- name: github.com/imdario/mergo
  version: 7fe0c75c13abdee74b09fcacef5ea1c6bba6a874
- name: github.com/naoina/go-stringutil
  version: 6b638e95a32d0c1131db0e7fe83775cbea4a0d0b
- name: github.com/naoina/toml
  version: 9fafd69674167c06933b1787ae235618431ce87f
  subpackages:
  - ast
- name: github.com/sirupsen/logrus
  version: 95cd2b9c79aa5e72ab0bc69b7ccc2be15bf850f6
- name: github.com/urfave/cli
  version: c6af8847eb2b7b297d07c3ede98903e95e680ef9
- name: golang.org/x/crypto
  version: 94eea52f7b742c7cbe0b03b22f0c4c8631ece122
  subpackages:
  - ssh/terminal
- name: golang.org/x/sys
  version: 316e9227019baa6ea3f76ea21538bab101fd1182
  subpackages:
  - unix
  - windows
- name: gopkg.in/yaml.v2
  version: 287cf08546ab5e7e37d55a84f7ed3fd1db036de5
testImports: []
