hash: 003331c95a72043297f32f065b76e31d8989941755d65495114b693ca69b7104
updated: 2018-03-22T07:46:52.587166363Z
imports:
- name: github.com/corpix/formats
  version: ca6b86539565956b3b8019f8a5ad9e04db4ec946
- name: github.com/corpix/loggers
  version: 6428ebad5a5ef7a300d5dc269a99978de598aace
  subpackages:
  - logger/logrus
- name: github.com/creasty/defaults
  version: 046b42c5f1223416864bdd984edb30d270cfce8a
- name: github.com/davecgh/go-spew
  version: 8991bc29aa16c548c550c7ff78260e27b9ab7c73
  subpackages:
  - spew
- name: github.com/go-playground/locales
  version: e4cbcb5d0652150d40ad0646651076b6bd2be4f6
  subpackages:
  - currency
- name: github.com/go-playground/universal-translator
  version: 71201497bace774495daed26a3874fd339e0b538
- name: github.com/go-playground/validator
  version: 8ce234ff024d85b3848e485decba806385d6e276
- name: github.com/imdario/mergo
  version: 0d4b488675fdec1dde48751b05ab530cf0b630e1
- name: github.com/naoina/go-stringutil
  version: 6b638e95a32d0c1131db0e7fe83775cbea4a0d0b
- name: github.com/naoina/toml
  version: 9fafd69674167c06933b1787ae235618431ce87f
  subpackages:
  - ast
- name: github.com/sirupsen/logrus
  version: 90150a8ed11b6ce285e77e8af2b0109559ce4777
- name: github.com/urfave/cli
  version: 8e01ec4cd3e2d84ab2fe90d8210528ffbb06d8ff
- name: golang.org/x/crypto
  version: 80db560fac1fb3e6ac81dbc7f8ae4c061f5257bd
  subpackages:
  - ssh/terminal
- name: golang.org/x/sys
  version: c488ab1dd8481ef762f96a79a9577c27825be697
  subpackages:
  - unix
  - windows
- name: gopkg.in/yaml.v2
  version: 7f97868eec74b32b0982dd158a51a446d1da7eb5
testImports: []
