github.com/RouterScript/HTTPProxy v0.0.0-20170824204601-3856617f113d h1:mTqPVt3QlwoiO6PJoW0uA4zcZYOeoUW2ZNCyf54CX3g=
github.com/RouterScript/HTTPProxy v0.0.0-20170824204601-3856617f113d/go.mod h1:A75EfEuGLY1f7RRQqbFN+/Vku5GB56NMntt+d08aaVE=
github.com/RouterScript/ProxyClient v0.0.0-20170825010427-5d0cc9e71d0c h1:qNOIDE3QlJ+T8xcVM90vrLSpiLBb6GlGKryZC/ip8Mg=
github.com/RouterScript/ProxyClient v0.0.0-20170825010427-5d0cc9e71d0c/go.mod h1:sC3UtWipj4pJk7DZUJWVlv3d3SXiJdyujMVdwlGt67Q=
github.com/RouterScript/SOCKSProxy v0.0.0-20190603052541-2888410264d3 h1:C4H2ToDZidLZyAB3ad0A6rvTgzAJv7hXsxZkKMSrNDA=
github.com/RouterScript/SOCKSProxy v0.0.0-20190603052541-2888410264d3/go.mod h1:5VF1/b2kgU5QU/yg2KdFM2OfZevCuLudhO5TG+BGfBo=
github.com/Yawning/chacha20 v0.0.0-20170904085104-e3b1f968fc63 h1:I6/SJSN9wJMJ+ZyQaCHUlzoTA4ypU5Bb44YWR1wTY/0=
github.com/Yawning/chacha20 v0.0.0-20170904085104-e3b1f968fc63/go.mod h1:nf+Komq6fVP4SwmKEaVGxHTyQGKREVlwjQKpvOV39yE=
github.com/armon/go-metrics v0.0.0-20180221182744-783273d70314 h1:jpSQNQxHcJYxs/ZpBX2p05wPGmF9BKQQKdyg2cCzWeA=
github.com/armon/go-metrics v0.0.0-20180221182744-783273d70314/go.mod h1:Q73ZrmVTwzkszR9V5SSuryQ31EELlFMUz1kKyl939pY=
github.com/caarlos0/env v3.2.0+incompatible h1:47SrI1EMf4OwTL8DaHmjVU/A/hmoUeu8L9FQQRXknsQ=
github.com/caarlos0/env v3.2.0+incompatible/go.mod h1:tdCsowwCzMLdkqRYDlHpZCp2UooDD3MspDBjZ2AD02Y=
github.com/corpix/formats v0.0.0-20180402021018-82e0b4c50e18 h1:WjfRkKJJ/DxLiBy0DAWchHTWCD7CkpVzzPeEKLJ1TeM=
github.com/corpix/formats v0.0.0-20180402021018-82e0b4c50e18/go.mod h1:IWGNW/7r8jc9ZFVWlx2W8ZyQ0ohVq86T21SD4Ahtos8=
github.com/corpix/loggers v0.0.0-20180423143303-3cba33c3680c h1:1lTcw4uq2BgloZQxBzH5zO3dt+gNigGEGgz/uXzsYVs=
github.com/corpix/loggers v0.0.0-20180423143303-3cba33c3680c/go.mod h1:a8E5JjTE8sCMePKQ/qf7MuvYmnrOQVzjpDvIC1Yhbeg=
github.com/corpix/reflect v0.0.0-20180224022518-762e8fbf1f83 h1:atRpTgxi/ph1E9qLXMm5TIdyZT0zz9fwU0Yvdh1nL6o=
github.com/corpix/reflect v0.0.0-20180224022518-762e8fbf1f83/go.mod h1:feMjp4aPIhdN8PRO9rw+bOeVcwLdtsmi9327gbcFnmc=
github.com/corpix/uarand v0.0.0-20170903190822-2b8494104d86 h1:kRNlij/Yv/baHnXYdNqr+8ch5tLYAWS/VRaJ2ZvFgu0=
github.com/corpix/uarand v0.0.0-20170903190822-2b8494104d86/go.mod h1:JSm890tOkDN+M1jqN8pUGDKnzJrsVbJwSMHBY4zwz7M=
github.com/creasty/defaults v1.2.1 h1:nEJEkblPW2TQiisfJtaQ2p4Y3LNXejR7DO/jTT6l2NQ=
github.com/creasty/defaults v1.2.1/go.mod h1:CIEEvs7oIVZm30R8VxtFJs+4k201gReYyuYHJxZc68I=
github.com/davecgh/go-spew v1.1.1 h1:vj9j/u1bqnvCEfJOwUhtlOARqs3+rkHYY13jYWTU97c=
github.com/davecgh/go-spew v1.1.1/go.mod h1:J7Y8YcW2NihsgmVo/mv3lAwl/skON4iLHjSsI+c5H38=
github.com/go-playground/locales v0.12.1 h1:2FITxuFt/xuCNP1Acdhv62OzaCiviiE4kotfhkmOqEc=
github.com/go-playground/locales v0.12.1/go.mod h1:IUMDtCfWo/w/mtMfIE/IG2K+Ey3ygWanZIBtBW0W2TM=
github.com/go-playground/universal-translator v0.16.0 h1:X++omBR/4cE2MNg91AoC3rmGrCjJ8eAeUP/K/EKx4DM=
github.com/go-playground/universal-translator v0.16.0/go.mod h1:1AnU7NaIRDWWzGEKwgtJRd2xk99HeFyHw3yid4rvQIY=
github.com/go-playground/validator v9.15.0+incompatible h1:hns9uH3hhIwam22N7D/XfANxah9gpL1tAo0ZPHDxEew=
github.com/go-playground/validator v9.15.0+incompatible/go.mod h1:yrEkQXlcI+PugkyDjY2bRrL/UBU4f3rvrgkN3V8JEig=
github.com/hashicorp/go-immutable-radix v0.0.0-20180129170900-7f3cd4390caa h1:0nA8i+6Rwqaq9xlpmVxxTwk6rxiEhX+E6Wh4vPNHiS8=
github.com/hashicorp/go-immutable-radix v0.0.0-20180129170900-7f3cd4390caa/go.mod h1:6ij3Z20p+OhOkCSrA0gImAWoHYQRGbnlcuk6XYTiaRw=
github.com/hashicorp/golang-lru v0.0.0-20180201235237-0fb14efe8c47 h1:UnszMmmmm5vLwWzDjTFVIkfhvWF1NdrmChl8L2NUDCw=
github.com/hashicorp/golang-lru v0.0.0-20180201235237-0fb14efe8c47/go.mod h1:/m3WP610KZHVQ1SGc6re/UDhFvYD7pJ4Ao+sR/qLZy8=
github.com/icrowley/fake v0.0.0-20180203215853-4178557ae428 h1:Mo9W14pwbO9VfRe+ygqZ8dFbPpoIK1HFrG/zjTuQ+nc=
github.com/icrowley/fake v0.0.0-20180203215853-4178557ae428/go.mod h1:uhpZMVGznybq1itEKXj6RYw9I71qK4kH+OGMjRC4KEo=
github.com/imdario/mergo v0.3.4 h1:mKkfHkZWD8dC7WxKx3N9WCF0Y+dLau45704YQmY6H94=
github.com/imdario/mergo v0.3.4/go.mod h1:2EnlNZ0deacrJVfApfmtdGgDfMuh/nq6Ok1EcJh5FfA=
github.com/naoina/go-stringutil v0.1.0 h1:rCUeRUHjBjGTSHl0VC00jUPLz8/F9dDzYI70Hzifhks=
github.com/naoina/go-stringutil v0.1.0/go.mod h1:XJ2SJL9jCtBh+P9q5btrd/Ylo8XwT/h1USek5+NqSA0=
github.com/naoina/toml v0.1.2-0.20170918210437-9fafd6967416 h1:shk/vn9oCoOTmwcouEdwIeOtOGA/ELRUw/GwvxwfT+0=
github.com/naoina/toml v0.1.2-0.20170918210437-9fafd6967416/go.mod h1:NBIhNtsFMo3G2szEBne+bO4gS192HuIYRqfvOWb4i1E=
github.com/shadowsocks/go-shadowsocks2 v0.0.9 h1:WhHSJDOJNa8DDAJWflpw53YwcnCGjpRPZdfvT/H3ClQ=
github.com/shadowsocks/go-shadowsocks2 v0.0.9/go.mod h1:R+KWaoIwRRhnpw6XV+dZil0XHi64Hc1D7hXUyXTjUzQ=
github.com/sirupsen/logrus v1.0.5 h1:8c8b5uO0zS4X6RPl/sd1ENwSkIc0/H2PaHxE3udaE8I=
github.com/sirupsen/logrus v1.0.5/go.mod h1:pMByvHTf9Beacp5x1UXfOR9xyW/9antXMhjMPG0dEzc=
github.com/urfave/cli v1.20.1-0.20180226030253-8e01ec4cd3e2 h1:xAkHCttGHKXIr10OSiFzNt0XOJyHMdng0ylSynT8sMo=
github.com/urfave/cli v1.20.1-0.20180226030253-8e01ec4cd3e2/go.mod h1:70zkFmudgCuE/ngEzBv17Jvp/497gISqfk5gWijbERA=
golang.org/x/crypto v0.0.0-20180425071531-b0697eccbea9 h1:3KeP7KWmWXmkcCjNPMK5c6s3KgaWE5q589sggpeDPlc=
golang.org/x/crypto v0.0.0-20180425071531-b0697eccbea9/go.mod h1:6SG95UA2DQfeDnfUPMdvaQW0Q7yPrPDi9nlGo2tz2b4=
golang.org/x/net v0.0.0-20180420171651-5f9ae10d9af5 h1:ylIG3jIeS45kB0W95N19kS62fwermjMYLIyybf8xh9M=
golang.org/x/net v0.0.0-20180420171651-5f9ae10d9af5/go.mod h1:mL1N/T3taQHkDXs73rZJwtUhF3w3ftmwwsq0BUmARs4=
golang.org/x/sys v0.0.0-20180425194835-bb9c189858d9 h1:+wWbjU2lIhyVuf3l5jcSMKOCokMwx1eP/lpVWk1Ox0M=
golang.org/x/sys v0.0.0-20180425194835-bb9c189858d9/go.mod h1:STP8DvDyc/dI5b8T5hshtkjS+E42TnysNCUPdjciGhY=
gopkg.in/check.v1 v0.0.0-20161208181325-20d25e280405/go.mod h1:Co6ibVJAznAaIkqp8huTwlJQCZ016jof/cbN4VW5Yz0=
gopkg.in/yaml.v2 v2.2.1 h1:mUhvW9EsL+naU5Q3cakzfE91YhliOondGd6ZrsDBHQE=
gopkg.in/yaml.v2 v2.2.1/go.mod h1:hI93XBmqTisBFMUTm0b8Fm+jr3Dg1NNxqwp+5A1VGuI=
