# This file is autogenerated, do not edit; changes may be undone by the next 'dep ensure'.


[[projects]]
  name = "github.com/caarlos0/env"
  packages = ["."]
  revision = "7cd7992b3bc86f920394f8de92c13900da1a46b7"
  version = "v3.2.0"

[[projects]]
  branch = "master"
  name = "github.com/corpix/effects"
  packages = ["writer"]
  revision = "74e07942c634ed08990d7e93ec791f4a09777c32"

[[projects]]
  branch = "master"
  name = "github.com/corpix/formats"
  packages = ["."]
  revision = "82e0b4c50e18d80c385051d0cf735190f037bc23"

[[projects]]
  branch = "master"
  name = "github.com/corpix/loggers"
  packages = [
    ".",
    "logger/logrus",
    "logger/prefixwrapper"
  ]
  revision = "3cba33c3680c0923016cd7d29f7d121f08fb4d68"

[[projects]]
  branch = "master"
  name = "github.com/corpix/pool"
  packages = ["."]
  revision = "d8dc1bf4576a4206a54bb8c3f1b14c47322b1f7b"

[[projects]]
  branch = "master"
  name = "github.com/corpix/reflect"
  packages = ["."]
  revision = "762e8fbf1f83a7e3e4ee34b7732a776b478ffc3f"

[[projects]]
  branch = "master"
  name = "github.com/corpix/time"
  packages = ["."]
  revision = "9adb218ff5319d3f3e3d5a44fe0cb5d4880762f4"

[[projects]]
  name = "github.com/creasty/defaults"
  packages = ["."]
  revision = "a7e48e2230891fc7456c8ab918c424c5b06c3192"
  version = "v1.2.1"

[[projects]]
  branch = "master"
  name = "github.com/davecgh/go-spew"
  packages = ["spew"]
  revision = "8991bc29aa16c548c550c7ff78260e27b9ab7c73"

[[projects]]
  name = "github.com/go-playground/locales"
  packages = [
    ".",
    "currency"
  ]
  revision = "f63010822830b6fe52288ee52d5a1151088ce039"
  version = "v0.12.1"

[[projects]]
  name = "github.com/go-playground/universal-translator"
  packages = ["."]
  revision = "b32fa301c9fe55953584134cb6853a13c87ec0a1"
  version = "v0.16.0"

[[projects]]
  name = "github.com/go-playground/validator"
  packages = ["."]
  revision = "14984d91328f9612b58443cbdf4a077d4fd71091"
  version = "v9.15.0"

[[projects]]
  name = "github.com/imdario/mergo"
  packages = ["."]
  revision = "9d5f1277e9a8ed20c3684bda8fde67c05628518c"
  version = "v0.3.4"

[[projects]]
  name = "github.com/naoina/go-stringutil"
  packages = ["."]
  revision = "6b638e95a32d0c1131db0e7fe83775cbea4a0d0b"
  version = "v0.1.0"

[[projects]]
  branch = "master"
  name = "github.com/naoina/toml"
  packages = [
    ".",
    "ast"
  ]
  revision = "9fafd69674167c06933b1787ae235618431ce87f"

[[projects]]
  name = "github.com/sirupsen/logrus"
  packages = ["."]
  revision = "c155da19408a8799da419ed3eeb0cb5db0ad5dbc"
  version = "v1.0.5"

[[projects]]
  branch = "master"
  name = "github.com/urfave/cli"
  packages = ["."]
  revision = "8e01ec4cd3e2d84ab2fe90d8210528ffbb06d8ff"

[[projects]]
  branch = "master"
  name = "golang.org/x/crypto"
  packages = ["ssh/terminal"]
  revision = "2b6c08872f4b66da917bb4ce98df4f0307330f78"

[[projects]]
  branch = "master"
  name = "golang.org/x/net"
  packages = ["context"]
  revision = "5f9ae10d9af5b1c89ae6904293b14b064d4ada23"

[[projects]]
  branch = "master"
  name = "golang.org/x/sys"
  packages = [
    "unix",
    "windows"
  ]
  revision = "79b0c6888797020a994db17c8510466c72fe75d9"

[[projects]]
  name = "gopkg.in/yaml.v2"
  packages = ["."]
  revision = "5420a8b6744d3b0345ab293f6fcba19c978f1183"
  version = "v2.2.1"

[solve-meta]
  analyzer-name = "dep"
  analyzer-version = 1
  inputs-digest = "0f53c9e76b8ebf7f612d8187622fa801b5c582c7676f8a88271ca116b4090e44"
  solver-name = "gps-cdcl"
  solver-version = 1
