# This file is autogenerated, do not edit; changes may be undone by the next 'dep ensure'.


[[projects]]
  branch = "master"
  name = "github.com/corpix/formats"
  packages = ["."]
  revision = "ca6b86539565956b3b8019f8a5ad9e04db4ec946"

[[projects]]
  name = "github.com/corpix/loggers"
  packages = [
    ".",
    "logger/logrus"
  ]
  revision = "6428ebad5a5ef7a300d5dc269a99978de598aace"

[[projects]]
  name = "github.com/creasty/defaults"
  packages = ["."]
  revision = "046b42c5f1223416864bdd984edb30d270cfce8a"
  version = "v1.2.0"

[[projects]]
  branch = "master"
  name = "github.com/davecgh/go-spew"
  packages = ["spew"]
  revision = "8991bc29aa16c548c550c7ff78260e27b9ab7c73"

[[projects]]
  name = "github.com/go-playground/locales"
  packages = [
    ".",
    "currency"
  ]
  revision = "e4cbcb5d0652150d40ad0646651076b6bd2be4f6"
  version = "v0.11.2"

[[projects]]
  branch = "master"
  name = "github.com/go-playground/universal-translator"
  packages = ["."]
  revision = "71201497bace774495daed26a3874fd339e0b538"

[[projects]]
  name = "github.com/go-playground/validator"
  packages = ["."]
  revision = "8ce234ff024d85b3848e485decba806385d6e276"
  version = "v9.13.0"

[[projects]]
  branch = "master"
  name = "github.com/imdario/mergo"
  packages = ["."]
  revision = "0d4b488675fdec1dde48751b05ab530cf0b630e1"

[[projects]]
  name = "github.com/naoina/go-stringutil"
  packages = ["."]
  revision = "6b638e95a32d0c1131db0e7fe83775cbea4a0d0b"
  version = "v0.1.0"

[[projects]]
  branch = "master"
  name = "github.com/naoina/toml"
  packages = [
    ".",
    "ast"
  ]
  revision = "9fafd69674167c06933b1787ae235618431ce87f"

[[projects]]
  branch = "master"
  name = "github.com/sirupsen/logrus"
  packages = ["."]
  revision = "90150a8ed11b6ce285e77e8af2b0109559ce4777"

[[projects]]
  branch = "master"
  name = "github.com/urfave/cli"
  packages = ["."]
  revision = "8e01ec4cd3e2d84ab2fe90d8210528ffbb06d8ff"

[[projects]]
  name = "golang.org/x/crypto"
  packages = ["ssh/terminal"]
  revision = "80db560fac1fb3e6ac81dbc7f8ae4c061f5257bd"

[[projects]]
  name = "golang.org/x/sys"
  packages = [
    "unix",
    "windows"
  ]
  revision = "c488ab1dd8481ef762f96a79a9577c27825be697"

[[projects]]
  name = "gopkg.in/yaml.v2"
  packages = ["."]
  revision = "7f97868eec74b32b0982dd158a51a446d1da7eb5"
  version = "v2.1.1"

[solve-meta]
  analyzer-name = "dep"
  analyzer-version = 1
  inputs-digest = "9b91c3e9f9e957b9d00e472508ca01aa44ad0570040c267fa0e4405c0c1c1349"
  solver-name = "gps-cdcl"
  solver-version = 1
