# This file is autogenerated, do not edit; changes may be undone by the next 'dep ensure'.


[[projects]]
  branch = "master"
  name = "github.com/RouterScript/HTTPProxy"
  packages = ["."]
  revision = "3856617f113d8c40a03bb818a2f439e895579e16"

[[projects]]
  branch = "master"
  name = "github.com/RouterScript/ProxyClient"
  packages = ["."]
  revision = "5d0cc9e71d0cadee60d2b20678a1cd15be250f0e"

[[projects]]
  branch = "master"
  name = "github.com/RouterScript/SOCKSProxy"
  packages = ["."]
  revision = "c6abfe6bb0fd0cd183ecf601c85f07f60f354457"

[[projects]]
  branch = "master"
  name = "github.com/Yawning/chacha20"
  packages = ["."]
  revision = "e3b1f968fc6397b51d963fee8ec8711a47bc0ce8"

[[projects]]
  branch = "master"
  name = "github.com/armon/go-metrics"
  packages = ["."]
  revision = "783273d703149aaeb9897cf58613d5af48861c25"

[[projects]]
  name = "github.com/caarlos0/env"
  packages = ["."]
  revision = "7cd7992b3bc86f920394f8de92c13900da1a46b7"
  version = "v3.2.0"

[[projects]]
  branch = "master"
  name = "github.com/corpix/formats"
  packages = ["."]
  revision = "82e0b4c50e18d80c385051d0cf735190f037bc23"

[[projects]]
  branch = "master"
  name = "github.com/corpix/loggers"
  packages = [
    ".",
    "logger/logrus",
    "logger/prefixwrapper"
  ]
  revision = "3cba33c3680c0923016cd7d29f7d121f08fb4d68"

[[projects]]
  branch = "master"
  name = "github.com/corpix/reflect"
  packages = ["."]
  revision = "762e8fbf1f83a7e3e4ee34b7732a776b478ffc3f"

[[projects]]
  branch = "master"
  name = "github.com/corpix/uarand"
  packages = ["."]
  revision = "2b8494104d86337cdd41d0a49cbed8e4583c0ab4"

[[projects]]
  name = "github.com/creasty/defaults"
  packages = ["."]
  revision = "a7e48e2230891fc7456c8ab918c424c5b06c3192"
  version = "v1.2.1"

[[projects]]
  branch = "master"
  name = "github.com/davecgh/go-spew"
  packages = ["spew"]
  revision = "8991bc29aa16c548c550c7ff78260e27b9ab7c73"

[[projects]]
  name = "github.com/go-playground/locales"
  packages = [
    ".",
    "currency"
  ]
  revision = "f63010822830b6fe52288ee52d5a1151088ce039"
  version = "v0.12.1"

[[projects]]
  name = "github.com/go-playground/universal-translator"
  packages = ["."]
  revision = "b32fa301c9fe55953584134cb6853a13c87ec0a1"
  version = "v0.16.0"

[[projects]]
  name = "github.com/go-playground/validator"
  packages = ["."]
  revision = "14984d91328f9612b58443cbdf4a077d4fd71091"
  version = "v9.15.0"

[[projects]]
  branch = "master"
  name = "github.com/hashicorp/go-immutable-radix"
  packages = ["."]
  revision = "7f3cd4390caab3250a57f30efdb2a65dd7649ecf"

[[projects]]
  branch = "master"
  name = "github.com/hashicorp/golang-lru"
  packages = ["simplelru"]
  revision = "0fb14efe8c47ae851c0034ed7a448854d3d34cf3"

[[projects]]
  branch = "master"
  name = "github.com/icrowley/fake"
  packages = ["."]
  revision = "4178557ae428460c3780a381c824a1f3aceb6325"

[[projects]]
  name = "github.com/imdario/mergo"
  packages = ["."]
  revision = "9d5f1277e9a8ed20c3684bda8fde67c05628518c"
  version = "v0.3.4"

[[projects]]
  name = "github.com/naoina/go-stringutil"
  packages = ["."]
  revision = "6b638e95a32d0c1131db0e7fe83775cbea4a0d0b"
  version = "v0.1.0"

[[projects]]
  branch = "master"
  name = "github.com/naoina/toml"
  packages = [
    ".",
    "ast"
  ]
  revision = "9fafd69674167c06933b1787ae235618431ce87f"

[[projects]]
  name = "github.com/shadowsocks/go-shadowsocks2"
  packages = [
    "core",
    "shadowaead",
    "shadowstream"
  ]
  revision = "1c9b29ca973062e12bad6b3807dc9c178cf07115"
  version = "v0.0.9"

[[projects]]
  name = "github.com/sirupsen/logrus"
  packages = ["."]
  revision = "c155da19408a8799da419ed3eeb0cb5db0ad5dbc"
  version = "v1.0.5"

[[projects]]
  branch = "master"
  name = "github.com/urfave/cli"
  packages = ["."]
  revision = "8e01ec4cd3e2d84ab2fe90d8210528ffbb06d8ff"

[[projects]]
  branch = "master"
  name = "golang.org/x/crypto"
  packages = [
    "chacha20poly1305",
    "curve25519",
    "ed25519",
    "ed25519/internal/edwards25519",
    "hkdf",
    "internal/chacha20",
    "poly1305",
    "ssh",
    "ssh/terminal"
  ]
  revision = "b0697eccbea9adec5b7ba8008f4c33d98d733388"

[[projects]]
  branch = "master"
  name = "golang.org/x/net"
  packages = ["context"]
  revision = "5f9ae10d9af5b1c89ae6904293b14b064d4ada23"

[[projects]]
  branch = "master"
  name = "golang.org/x/sys"
  packages = [
    "unix",
    "windows"
  ]
  revision = "bb9c189858d91f42db229b04d45a4c3d23a7662a"

[[projects]]
  name = "gopkg.in/yaml.v2"
  packages = ["."]
  revision = "5420a8b6744d3b0345ab293f6fcba19c978f1183"
  version = "v2.2.1"

[solve-meta]
  analyzer-name = "dep"
  analyzer-version = 1
  inputs-digest = "578f744dcc10df5aa6dde69b109624d711b3e559d4d6d88f0838e460147ac9c0"
  solver-name = "gps-cdcl"
  solver-version = 1
